
Microsoft Visual Studio Solution File, Format Version 12.00
# Visual Studio Version 17
VisualStudioVersion = 17.0.31903.59
MinimumVisualStudioVersion = 10.0.40219.1
Project("{FAE04EC0-301F-11D3-BF4B-00C04F79EFBC}") = "SimpleApiDocumentation.Core", "source\SimpleApiDocumentation.Core\SimpleApiDocumentation.Core.csproj", "{445BBA54-6A61-4292-933B-51980623D742}"
EndProject
Project("{FAE04EC0-301F-11D3-BF4B-00C04F79EFBC}") = "SimpleApiDocumentation.Test", "source\SimpleApiDocumentation.Test\SimpleApiDocumentation.Test.csproj", "{7D52324F-C173-45D6-88D8-435DD6DB5D4C}"
EndProject
Global
	GlobalSection(SolutionConfigurationPlatforms) = preSolution
		Debug|Any CPU = Debug|Any CPU
		Release|Any CPU = Release|Any CPU
	EndGlobalSection
	GlobalSection(ProjectConfigurationPlatforms) = postSolution
		{445BBA54-6A61-4292-933B-51980623D742}.Debug|Any CPU.ActiveCfg = Debug|Any CPU
		{445BBA54-6A61-4292-933B-51980623D742}.Debug|Any CPU.Build.0 = Debug|Any CPU
		{445BBA54-6A61-4292-933B-51980623D742}.Release|Any CPU.ActiveCfg = Release|Any CPU
		{445BBA54-6A61-4292-933B-51980623D742}.Release|Any CPU.Build.0 = Release|Any CPU
		{7D52324F-C173-45D6-88D8-435DD6DB5D4C}.Debug|Any CPU.ActiveCfg = Debug|Any CPU
		{7D52324F-C173-45D6-88D8-435DD6DB5D4C}.Debug|Any CPU.Build.0 = Debug|Any CPU
		{7D52324F-C173-45D6-88D8-435DD6DB5D4C}.Release|Any CPU.ActiveCfg = Release|Any CPU
		{7D52324F-C173-45D6-88D8-435DD6DB5D4C}.Release|Any CPU.Build.0 = Release|Any CPU
	EndGlobalSection
	GlobalSection(SolutionProperties) = preSolution
		HideSolutionNode = FALSE
	EndGlobalSection
	GlobalSection(ExtensibilityGlobals) = postSolution
		SolutionGuid = {9B333A60-7D20-40C2-AF70-9B65C1ACC5DF}
	EndGlobalSection
EndGlobal
